{
  "name": "gPlay-to-lastfm",
  "version": "1.0.0",
  "lockfileVersion": 1,
  "requires": true,
  "dependencies": {
    "crypto-js": {
      "version": "3.1.8",
      "resolved": "https://registry.npmjs.org/crypto-js/-/crypto-js-3.1.8.tgz",
      "integrity": "sha1-cV8HC/YBTyrpkqmLOSkli3E/CNU="
    },
    "dotenv": {
      "version": "4.0.0",
      "resolved": "https://registry.npmjs.org/dotenv/-/dotenv-4.0.0.tgz",
      "integrity": "sha1-hk7xN5rO1Vzm+V3r7NzhefegzR0="
    },
    "es6-promisify": {
      "version": "6.0.0",
      "resolved": "https://registry.npmjs.org/es6-promisify/-/es6-promisify-6.0.0.tgz",
      "integrity": "sha512-8Tbqjrb8lC85dd81haajYwuRmiU2rkqNAFnlvQOJeeKqdUloIlI+JcUqeJruV4rCm5Y7oNU7jfs2FbmxhRR/2g=="
    },
    "fs-extra": {
      "version": "5.0.0",
      "resolved": "https://registry.npmjs.org/fs-extra/-/fs-extra-5.0.0.tgz",
      "integrity": "sha512-66Pm4RYbjzdyeuqudYqhFiNBbCIuI9kgRqLPSHIlXHidW8NIQtVdkM1yeZ4lXwuhbTETv3EUGMNHAAw6hiundQ==",
      "requires": {
        "graceful-fs": "4.1.11",
        "jsonfile": "4.0.0",
        "universalify": "0.1.1"
      }
    },
    "graceful-fs": {
      "version": "4.1.11",
      "resolved": "https://registry.npmjs.org/graceful-fs/-/graceful-fs-4.1.11.tgz",
      "integrity": "sha1-Dovf5NHduIVNZOBOp8AOKgJuVlg="
    },
    "jsonfile": {
      "version": "4.0.0",
      "resolved": "https://registry.npmjs.org/jsonfile/-/jsonfile-4.0.0.tgz",
      "integrity": "sha1-h3Gq4HmbZAdrdmQPygWPnBDjPss=",
      "requires": {
        "graceful-fs": "4.1.11"
      }
    },
    "lastfm": {
      "version": "0.8.4",
      "resolved": "https://registry.npmjs.org/lastfm/-/lastfm-0.8.4.tgz",
      "integrity": "sha1-Td3wgpem+iP4TUgnBSoNKC/plog=",
      "requires": {
        "underscore": "1.8.3"
      }
    },
    "lastfmapi": {
      "version": "0.1.1",
      "resolved": "https://registry.npmjs.org/lastfmapi/-/lastfmapi-0.1.1.tgz",
      "integrity": "sha1-zjNtz3zIGCDCLcQCR8l7MRM0hvo=",
      "requires": {
        "lastfm": "0.8.4"
      }
    },
    "node-uuid": {
      "version": "1.4.8",
      "resolved": "https://registry.npmjs.org/node-uuid/-/node-uuid-1.4.8.tgz",
      "integrity": "sha1-sEDrCSOWivq/jTL7HxfxFn/auQc="
    },
    "playmusic": {
      "version": "2.3.0",
      "resolved": "https://registry.npmjs.org/playmusic/-/playmusic-2.3.0.tgz",
      "integrity": "sha512-GMraEFE9zJ5otm0Vx9tPoE0EpA8vriiGXKofjRy71akZ7f1clo1NROHWoC+jSP42GN6d21z60SpqGhkamJHWfA==",
      "requires": {
        "crypto-js": "3.1.8",
        "node-uuid": "1.4.8",
        "rsa-pem-from-mod-exp": "0.8.4"
      }
    },
    "rsa-pem-from-mod-exp": {
      "version": "0.8.4",
      "resolved": "https://registry.npmjs.org/rsa-pem-from-mod-exp/-/rsa-pem-from-mod-exp-0.8.4.tgz",
      "integrity": "sha1-NipCxtMEBW1JOz8SvOq7LGV2ptQ="
    },
    "underscore": {
      "version": "1.8.3",
      "resolved": "https://registry.npmjs.org/underscore/-/underscore-1.8.3.tgz",
      "integrity": "sha1-Tz+1OxBuYJf8+ctBCfKl6b36UCI="
    },
    "universalify": {
      "version": "0.1.1",
      "resolved": "https://registry.npmjs.org/universalify/-/universalify-0.1.1.tgz",
      "integrity": "sha1-+nG63UQ3r0wUiEHjs7Fl+enlkLc="
    }
  }
}
